
Microsoft Visual Studio Solution File, Format Version 12.00
# Visual Studio 15
VisualStudioVersion = 15.0.27428.1
MinimumVisualStudioVersion = 10.0.40219.1
Project("{FAE04EC0-301F-11D3-BF4B-00C04F79EFBC}") = "Snake", "Snake\Snake.csproj", "{11BB56E5-7E7C-4DEE-BE54-C6B8B890DB8A}"
EndProject
Global
	GlobalSection(SolutionConfigurationPlatforms) = preSolution
		Debug|Any CPU = Debug|Any CPU
		Release|Any CPU = Release|Any CPU
	EndGlobalSection
	GlobalSection(ProjectConfigurationPlatforms) = postSolution
		{11BB56E5-7E7C-4DEE-BE54-C6B8B890DB8A}.Debug|Any CPU.ActiveCfg = Debug|Any CPU
		{11BB56E5-7E7C-4DEE-BE54-C6B8B890DB8A}.Debug|Any CPU.Build.0 = Debug|Any CPU
		{11BB56E5-7E7C-4DEE-BE54-C6B8B890DB8A}.Release|Any CPU.ActiveCfg = Release|Any CPU
		{11BB56E5-7E7C-4DEE-BE54-C6B8B890DB8A}.Release|Any CPU.Build.0 = Release|Any CPU
	EndGlobalSection
	GlobalSection(SolutionProperties) = preSolution
		HideSolutionNode = FALSE
	EndGlobalSection
	GlobalSection(ExtensibilityGlobals) = postSolution
		SolutionGuid = {5E078B8C-0EB9-4E5F-B258-6E155A9FF08E}
	EndGlobalSection
EndGlobal
